
Microsoft Visual Studio Solution File, Format Version 12.00
# Visual Studio Version 17
VisualStudioVersion = 17.0.32112.339
MinimumVisualStudioVersion = 10.0.40219.1
Project("{FAE04EC0-301F-11D3-BF4B-00C04F79EFBC}") = "MyFirstProject", "MyFirstProject\MyFirstProject.csproj", "{D42EBF8E-82F0-49C4-94A6-ECA9DD3EB90D}"
EndProject
Global
	GlobalSection(SolutionConfigurationPlatforms) = preSolution
		Debug|Any CPU = Debug|Any CPU
		Release|Any CPU = Release|Any CPU
	EndGlobalSection
	GlobalSection(ProjectConfigurationPlatforms) = postSolution
		{D42EBF8E-82F0-49C4-94A6-ECA9DD3EB90D}.Debug|Any CPU.ActiveCfg = Debug|Any CPU
		{D42EBF8E-82F0-49C4-94A6-ECA9DD3EB90D}.Debug|Any CPU.Build.0 = Debug|Any CPU
		{D42EBF8E-82F0-49C4-94A6-ECA9DD3EB90D}.Release|Any CPU.ActiveCfg = Release|Any CPU
		{D42EBF8E-82F0-49C4-94A6-ECA9DD3EB90D}.Release|Any CPU.Build.0 = Release|Any CPU
	EndGlobalSection
	GlobalSection(SolutionProperties) = preSolution
		HideSolutionNode = FALSE
	EndGlobalSection
	GlobalSection(ExtensibilityGlobals) = postSolution
		SolutionGuid = {97795A16-6D26-4E73-B1DE-BA0EA40EA6C3}
	EndGlobalSection
EndGlobal
