
Microsoft Visual Studio Solution File, Format Version 12.00
# Visual Studio Version 17
VisualStudioVersion = 17.0.32112.339
MinimumVisualStudioVersion = 10.0.40219.1
Project("{FAE04EC0-301F-11D3-BF4B-00C04F79EFBC}") = "MySecondProject", "MySecondProject\MySecondProject.csproj", "{1ED4C8F7-FD62-4CE0-BC4B-18734317671B}"
EndProject
Global
	GlobalSection(SolutionConfigurationPlatforms) = preSolution
		Debug|Any CPU = Debug|Any CPU
		Release|Any CPU = Release|Any CPU
	EndGlobalSection
	GlobalSection(ProjectConfigurationPlatforms) = postSolution
		{1ED4C8F7-FD62-4CE0-BC4B-18734317671B}.Debug|Any CPU.ActiveCfg = Debug|Any CPU
		{1ED4C8F7-FD62-4CE0-BC4B-18734317671B}.Debug|Any CPU.Build.0 = Debug|Any CPU
		{1ED4C8F7-FD62-4CE0-BC4B-18734317671B}.Release|Any CPU.ActiveCfg = Release|Any CPU
		{1ED4C8F7-FD62-4CE0-BC4B-18734317671B}.Release|Any CPU.Build.0 = Release|Any CPU
	EndGlobalSection
	GlobalSection(SolutionProperties) = preSolution
		HideSolutionNode = FALSE
	EndGlobalSection
	GlobalSection(ExtensibilityGlobals) = postSolution
		SolutionGuid = {2D9C92B0-1FBF-4ADD-A9D9-CF2BB8A92D43}
	EndGlobalSection
EndGlobal
